
Microsoft Visual Studio Solution File, Format Version 12.00
# Visual Studio Version 17
VisualStudioVersion = 17.4.33403.182
MinimumVisualStudioVersion = 10.0.40219.1
Project("{9A19103F-16F7-4668-BE54-9A1E7A4F7556}") = "EverquartzAdventure", "EverquartzAdventure.csproj", "{911569D1-1439-494E-B006-FDED1BD04C10}"
EndProject
Global
	GlobalSection(SolutionConfigurationPlatforms) = preSolution
		Debug|Any CPU = Debug|Any CPU
		Release|Any CPU = Release|Any CPU
	EndGlobalSection
	GlobalSection(ProjectConfigurationPlatforms) = postSolution
		{911569D1-1439-494E-B006-FDED1BD04C10}.Debug|Any CPU.ActiveCfg = Debug|Any CPU
		{911569D1-1439-494E-B006-FDED1BD04C10}.Debug|Any CPU.Build.0 = Debug|Any CPU
		{911569D1-1439-494E-B006-FDED1BD04C10}.Release|Any CPU.ActiveCfg = Release|Any CPU
		{911569D1-1439-494E-B006-FDED1BD04C10}.Release|Any CPU.Build.0 = Release|Any CPU
	EndGlobalSection
	GlobalSection(SolutionProperties) = preSolution
		HideSolutionNode = FALSE
	EndGlobalSection
	GlobalSection(ExtensibilityGlobals) = postSolution
		SolutionGuid = {B1D24EDA-10C0-4D51-B142-7EA580A1AF14}
	EndGlobalSection
EndGlobal
